// !$*UTF8*$!
{
	archiveVersion = 1;
	classes = {
	};
	objectVersion = 55;
	objects = {

/* Begin PBXBuildFile section */
		A70D5EE4767FCB75FCDFA98A /* Pods_SDKExample.framework in Frameworks */ = {isa = PBXBuildFile; fileRef = FF3BEB06AEAE0500F26049B4 /* Pods_SDKExample.framework */; };
		F50695A32A653D10007F4256 /* ListItemsViewController.m in Sources */ = {isa = PBXBuildFile; fileRef = F50695A12A653D0F007F4256 /* ListItemsViewController.m */; };
		F50695A42A653D10007F4256 /* ListItemsViewController.xib in Resources */ = {isa = PBXBuildFile; fileRef = F50695A22A653D0F007F4256 /* ListItemsViewController.xib */; };
		F50695A92A653DA9007F4256 /* ProductItemCell.m in Sources */ = {isa = PBXBuildFile; fileRef = F50695A72A653DA9007F4256 /* ProductItemCell.m */; };
		F50695AA2A653DA9007F4256 /* ProductItemCell.xib in Resources */ = {isa = PBXBuildFile; fileRef = F50695A82A653DA9007F4256 /* ProductItemCell.xib */; };
		F50695AD2A654FA4007F4256 /* Product.m in Sources */ = {isa = PBXBuildFile; fileRef = F50695AC2A654FA4007F4256 /* Product.m */; };
		F5B6B57C280E936C006B1462 /* AppDelegate.m in Sources */ = {isa = PBXBuildFile; fileRef = F5B6B57B280E936C006B1462 /* AppDelegate.m */; };
		F5B6B57F280E936C006B1462 /* SceneDelegate.m in Sources */ = {isa = PBXBuildFile; fileRef = F5B6B57E280E936C006B1462 /* SceneDelegate.m */; };
		F5B6B582280E936C006B1462 /* ViewController.m in Sources */ = {isa = PBXBuildFile; fileRef = F5B6B581280E936C006B1462 /* ViewController.m */; };
		F5B6B585280E936C006B1462 /* Main.storyboard in Resources */ = {isa = PBXBuildFile; fileRef = F5B6B583280E936C006B1462 /* Main.storyboard */; };
		F5B6B587280E936F006B1462 /* Assets.xcassets in Resources */ = {isa = PBXBuildFile; fileRef = F5B6B586280E936F006B1462 /* Assets.xcassets */; };
		F5B6B58A280E936F006B1462 /* LaunchScreen.storyboard in Resources */ = {isa = PBXBuildFile; fileRef = F5B6B588280E936F006B1462 /* LaunchScreen.storyboard */; };
		F5B6B58D280E936F006B1462 /* main.m in Sources */ = {isa = PBXBuildFile; fileRef = F5B6B58C280E936F006B1462 /* main.m */; };
		F5B6B595280EBA81006B1462 /* es_property.plist in Resources */ = {isa = PBXBuildFile; fileRef = F5B6B593280EBA81006B1462 /* es_property.plist */; };
		F5B6B596280EBA81006B1462 /* GoogleService-Info.plist in Resources */ = {isa = PBXBuildFile; fileRef = F5B6B594280EBA81006B1462 /* GoogleService-Info.plist */; };
/* End PBXBuildFile section */

/* Begin PBXFileReference section */
		7CD0BF4B515D06442596953B /* Pods-SDKExample.release.xcconfig */ = {isa = PBXFileReference; includeInIndex = 1; lastKnownFileType = text.xcconfig; name = "Pods-SDKExample.release.xcconfig"; path = "Target Support Files/Pods-SDKExample/Pods-SDKExample.release.xcconfig"; sourceTree = "<group>"; };
		B953F7CB65588527075C3A96 /* Pods-SDKExample.debug.xcconfig */ = {isa = PBXFileReference; includeInIndex = 1; lastKnownFileType = text.xcconfig; name = "Pods-SDKExample.debug.xcconfig"; path = "Target Support Files/Pods-SDKExample/Pods-SDKExample.debug.xcconfig"; sourceTree = "<group>"; };
		F50695A02A653D0F007F4256 /* ListItemsViewController.h */ = {isa = PBXFileReference; lastKnownFileType = sourcecode.c.h; path = ListItemsViewController.h; sourceTree = "<group>"; };
		F50695A12A653D0F007F4256 /* ListItemsViewController.m */ = {isa = PBXFileReference; lastKnownFileType = sourcecode.c.objc; path = ListItemsViewController.m; sourceTree = "<group>"; };
		F50695A22A653D0F007F4256 /* ListItemsViewController.xib */ = {isa = PBXFileReference; lastKnownFileType = file.xib; path = ListItemsViewController.xib; sourceTree = "<group>"; };
		F50695A62A653DA9007F4256 /* ProductItemCell.h */ = {isa = PBXFileReference; lastKnownFileType = sourcecode.c.h; path = ProductItemCell.h; sourceTree = "<group>"; };
		F50695A72A653DA9007F4256 /* ProductItemCell.m */ = {isa = PBXFileReference; lastKnownFileType = sourcecode.c.objc; path = ProductItemCell.m; sourceTree = "<group>"; };
		F50695A82A653DA9007F4256 /* ProductItemCell.xib */ = {isa = PBXFileReference; lastKnownFileType = file.xib; path = ProductItemCell.xib; sourceTree = "<group>"; };
		F50695AB2A654FA4007F4256 /* Product.h */ = {isa = PBXFileReference; lastKnownFileType = sourcecode.c.h; path = Product.h; sourceTree = "<group>"; };
		F50695AC2A654FA4007F4256 /* Product.m */ = {isa = PBXFileReference; lastKnownFileType = sourcecode.c.objc; path = Product.m; sourceTree = "<group>"; };
		F55AF70C286C44C000691DB0 /* SDKExample.entitlements */ = {isa = PBXFileReference; lastKnownFileType = text.plist.entitlements; path = SDKExample.entitlements; sourceTree = "<group>"; };
		F5B6B577280E936C006B1462 /* SDKExample.app */ = {isa = PBXFileReference; explicitFileType = wrapper.application; includeInIndex = 0; path = SDKExample.app; sourceTree = BUILT_PRODUCTS_DIR; };
		F5B6B57A280E936C006B1462 /* AppDelegate.h */ = {isa = PBXFileReference; lastKnownFileType = sourcecode.c.h; path = AppDelegate.h; sourceTree = "<group>"; };
		F5B6B57B280E936C006B1462 /* AppDelegate.m */ = {isa = PBXFileReference; lastKnownFileType = sourcecode.c.objc; path = AppDelegate.m; sourceTree = "<group>"; };
		F5B6B57D280E936C006B1462 /* SceneDelegate.h */ = {isa = PBXFileReference; lastKnownFileType = sourcecode.c.h; path = SceneDelegate.h; sourceTree = "<group>"; };
		F5B6B57E280E936C006B1462 /* SceneDelegate.m */ = {isa = PBXFileReference; lastKnownFileType = sourcecode.c.objc; path = SceneDelegate.m; sourceTree = "<group>"; };
		F5B6B580280E936C006B1462 /* ViewController.h */ = {isa = PBXFileReference; lastKnownFileType = sourcecode.c.h; path = ViewController.h; sourceTree = "<group>"; };
		F5B6B581280E936C006B1462 /* ViewController.m */ = {isa = PBXFileReference; lastKnownFileType = sourcecode.c.objc; path = ViewController.m; sourceTree = "<group>"; };
		F5B6B584280E936C006B1462 /* Base */ = {isa = PBXFileReference; lastKnownFileType = file.storyboard; name = Base; path = Base.lproj/Main.storyboard; sourceTree = "<group>"; };
		F5B6B586280E936F006B1462 /* Assets.xcassets */ = {isa = PBXFileReference; lastKnownFileType = folder.assetcatalog; path = Assets.xcassets; sourceTree = "<group>"; };
		F5B6B589280E936F006B1462 /* Base */ = {isa = PBXFileReference; lastKnownFileType = file.storyboard; name = Base; path = Base.lproj/LaunchScreen.storyboard; sourceTree = "<group>"; };
		F5B6B58B280E936F006B1462 /* Info.plist */ = {isa = PBXFileReference; lastKnownFileType = text.plist.xml; path = Info.plist; sourceTree = "<group>"; };
		F5B6B58C280E936F006B1462 /* main.m */ = {isa = PBXFileReference; lastKnownFileType = sourcecode.c.objc; path = main.m; sourceTree = "<group>"; };
		F5B6B593280EBA81006B1462 /* es_property.plist */ = {isa = PBXFileReference; fileEncoding = 4; lastKnownFileType = text.plist.xml; name = es_property.plist; path = SDKExample/es_property.plist; sourceTree = "<group>"; };
		F5B6B594280EBA81006B1462 /* GoogleService-Info.plist */ = {isa = PBXFileReference; fileEncoding = 4; lastKnownFileType = text.plist.xml; name = "GoogleService-Info.plist"; path = "SDKExample/GoogleService-Info.plist"; sourceTree = "<group>"; };
		FF3BEB06AEAE0500F26049B4 /* Pods_SDKExample.framework */ = {isa = PBXFileReference; explicitFileType = wrapper.framework; includeInIndex = 0; path = Pods_SDKExample.framework; sourceTree = BUILT_PRODUCTS_DIR; };
/* End PBXFileReference section */

/* Begin PBXFrameworksBuildPhase section */
		F5B6B574280E936C006B1462 /* Frameworks */ = {
			isa = PBXFrameworksBuildPhase;
			buildActionMask = 2147483647;
			files = (
				A70D5EE4767FCB75FCDFA98A /* Pods_SDKExample.framework in Frameworks */,
			);
			runOnlyForDeploymentPostprocessing = 0;
		};
/* End PBXFrameworksBuildPhase section */

/* Begin PBXGroup section */
		6268759C5CAA2538F1756D29 /* Frameworks */ = {
			isa = PBXGroup;
			children = (
				FF3BEB06AEAE0500F26049B4 /* Pods_SDKExample.framework */,
			);
			name = Frameworks;
			sourceTree = "<group>";
		};
		8D43C2FAF1785CFB78FDD0D3 /* Pods */ = {
			isa = PBXGroup;
			children = (
				B953F7CB65588527075C3A96 /* Pods-SDKExample.debug.xcconfig */,
				7CD0BF4B515D06442596953B /* Pods-SDKExample.release.xcconfig */,
			);
			path = Pods;
			sourceTree = "<group>";
		};
		F50695A52A653D68007F4256 /* ListItemVC */ = {
			isa = PBXGroup;
			children = (
				F50695A02A653D0F007F4256 /* ListItemsViewController.h */,
				F50695A12A653D0F007F4256 /* ListItemsViewController.m */,
				F50695A22A653D0F007F4256 /* ListItemsViewController.xib */,
				F50695A62A653DA9007F4256 /* ProductItemCell.h */,
				F50695A72A653DA9007F4256 /* ProductItemCell.m */,
				F50695A82A653DA9007F4256 /* ProductItemCell.xib */,
				F50695AB2A654FA4007F4256 /* Product.h */,
				F50695AC2A654FA4007F4256 /* Product.m */,
			);
			path = ListItemVC;
			sourceTree = "<group>";
		};
		F5B6B56E280E936C006B1462 = {
			isa = PBXGroup;
			children = (
				F5B6B593280EBA81006B1462 /* es_property.plist */,
				F5B6B594280EBA81006B1462 /* GoogleService-Info.plist */,
				F5B6B579280E936C006B1462 /* SDKExample */,
				F5B6B578280E936C006B1462 /* Products */,
				8D43C2FAF1785CFB78FDD0D3 /* Pods */,
				6268759C5CAA2538F1756D29 /* Frameworks */,
			);
			sourceTree = "<group>";
		};
		F5B6B578280E936C006B1462 /* Products */ = {
			isa = PBXGroup;
			children = (
				F5B6B577280E936C006B1462 /* SDKExample.app */,
			);
			name = Products;
			sourceTree = "<group>";
		};
		F5B6B579280E936C006B1462 /* SDKExample */ = {
			isa = PBXGroup;
			children = (
				F55AF70C286C44C000691DB0 /* SDKExample.entitlements */,
				F5B6B57A280E936C006B1462 /* AppDelegate.h */,
				F5B6B57B280E936C006B1462 /* AppDelegate.m */,
				F5B6B57D280E936C006B1462 /* SceneDelegate.h */,
				F5B6B57E280E936C006B1462 /* SceneDelegate.m */,
				F5B6B580280E936C006B1462 /* ViewController.h */,
				F5B6B581280E936C006B1462 /* ViewController.m */,
				F5B6B583280E936C006B1462 /* Main.storyboard */,
				F50695A52A653D68007F4256 /* ListItemVC */,
				F5B6B586280E936F006B1462 /* Assets.xcassets */,
				F5B6B588280E936F006B1462 /* LaunchScreen.storyboard */,
				F5B6B58B280E936F006B1462 /* Info.plist */,
				F5B6B58C280E936F006B1462 /* main.m */,
			);
			path = SDKExample;
			sourceTree = "<group>";
		};
/* End PBXGroup section */

/* Begin PBXNativeTarget section */
		F5B6B576280E936C006B1462 /* SDKExample */ = {
			isa = PBXNativeTarget;
			buildConfigurationList = F5B6B590280E936F006B1462 /* Build configuration list for PBXNativeTarget "SDKExample" */;
			buildPhases = (
				94052C1A0BD94A43033957FC /* [CP] Check Pods Manifest.lock */,
				F5B6B573280E936C006B1462 /* Sources */,
				F5B6B574280E936C006B1462 /* Frameworks */,
				F5B6B575280E936C006B1462 /* Resources */,
				FBB08D725F3CB6BBCD4B950C /* [CP] Embed Pods Frameworks */,
				80AD1D82726E14E2BDE3E00F /* [CP] Copy Pods Resources */,
			);
			buildRules = (
			);
			dependencies = (
			);
			name = SDKExample;
			productName = SDKExample;
			productReference = F5B6B577280E936C006B1462 /* SDKExample.app */;
			productType = "com.apple.product-type.application";
		};
/* End PBXNativeTarget section */

/* Begin PBXProject section */
		F5B6B56F280E936C006B1462 /* Project object */ = {
			isa = PBXProject;
			attributes = {
				BuildIndependentTargetsInParallel = 1;
				LastUpgradeCheck = 1330;
				TargetAttributes = {
					F5B6B576280E936C006B1462 = {
						CreatedOnToolsVersion = 13.3.1;
					};
				};
			};
			buildConfigurationList = F5B6B572280E936C006B1462 /* Build configuration list for PBXProject "SDKExample" */;
			compatibilityVersion = "Xcode 13.0";
			developmentRegion = en;
			hasScannedForEncodings = 0;
			knownRegions = (
				en,
				Base,
			);
			mainGroup = F5B6B56E280E936C006B1462;
			productRefGroup = F5B6B578280E936C006B1462 /* Products */;
			projectDirPath = "";
			projectRoot = "";
			targets = (
				F5B6B576280E936C006B1462 /* SDKExample */,
			);
		};
/* End PBXProject section */

/* Begin PBXResourcesBuildPhase section */
		F5B6B575280E936C006B1462 /* Resources */ = {
			isa = PBXResourcesBuildPhase;
			buildActionMask = 2147483647;
			files = (
				F50695AA2A653DA9007F4256 /* ProductItemCell.xib in Resources */,
				F5B6B58A280E936F006B1462 /* LaunchScreen.storyboard in Resources */,
				F5B6B587280E936F006B1462 /* Assets.xcassets in Resources */,
				F5B6B596280EBA81006B1462 /* GoogleService-Info.plist in Resources */,
				F50695A42A653D10007F4256 /* ListItemsViewController.xib in Resources */,
				F5B6B585280E936C006B1462 /* Main.storyboard in Resources */,
				F5B6B595280EBA81006B1462 /* es_property.plist in Resources */,
			);
			runOnlyForDeploymentPostprocessing = 0;
		};
/* End PBXResourcesBuildPhase section */

/* Begin PBXShellScriptBuildPhase section */
		80AD1D82726E14E2BDE3E00F /* [CP] Copy Pods Resources */ = {
			isa = PBXShellScriptBuildPhase;
			buildActionMask = 2147483647;
			files = (
			);
			inputFileListPaths = (
				"${PODS_ROOT}/Target Support Files/Pods-SDKExample/Pods-SDKExample-resources-${CONFIGURATION}-input-files.xcfilelist",
			);
			name = "[CP] Copy Pods Resources";
			outputFileListPaths = (
				"${PODS_ROOT}/Target Support Files/Pods-SDKExample/Pods-SDKExample-resources-${CONFIGURATION}-output-files.xcfilelist",
			);
			runOnlyForDeploymentPostprocessing = 0;
			shellPath = /bin/sh;
			shellScript = "\"${PODS_ROOT}/Target Support Files/Pods-SDKExample/Pods-SDKExample-resources.sh\"\n";
			showEnvVarsInLog = 0;
		};
		94052C1A0BD94A43033957FC /* [CP] Check Pods Manifest.lock */ = {
			isa = PBXShellScriptBuildPhase;
			buildActionMask = 2147483647;
			files = (
			);
			inputFileListPaths = (
			);
			inputPaths = (
				"${PODS_PODFILE_DIR_PATH}/Podfile.lock",
				"${PODS_ROOT}/Manifest.lock",
			);
			name = "[CP] Check Pods Manifest.lock";
			outputFileListPaths = (
			);
			outputPaths = (
				"$(DERIVED_FILE_DIR)/Pods-SDKExample-checkManifestLockResult.txt",
			);
			runOnlyForDeploymentPostprocessing = 0;
			shellPath = /bin/sh;
			shellScript = "diff \"${PODS_PODFILE_DIR_PATH}/Podfile.lock\" \"${PODS_ROOT}/Manifest.lock\" > /dev/null\nif [ $? != 0 ] ; then\n    # print error to STDERR\n    echo \"error: The sandbox is not in sync with the Podfile.lock. Run 'pod install' or update your CocoaPods installation.\" >&2\n    exit 1\nfi\n# This output is used by Xcode 'outputs' to avoid re-running this script phase.\necho \"SUCCESS\" > \"${SCRIPT_OUTPUT_FILE_0}\"\n";
			showEnvVarsInLog = 0;
		};
		FBB08D725F3CB6BBCD4B950C /* [CP] Embed Pods Frameworks */ = {
			isa = PBXShellScriptBuildPhase;
			buildActionMask = 2147483647;
			files = (
			);
			inputFileListPaths = (
				"${PODS_ROOT}/Target Support Files/Pods-SDKExample/Pods-SDKExample-frameworks-${CONFIGURATION}-input-files.xcfilelist",
			);
			name = "[CP] Embed Pods Frameworks";
			outputFileListPaths = (
				"${PODS_ROOT}/Target Support Files/Pods-SDKExample/Pods-SDKExample-frameworks-${CONFIGURATION}-output-files.xcfilelist",
			);
			runOnlyForDeploymentPostprocessing = 0;
			shellPath = /bin/sh;
			shellScript = "\"${PODS_ROOT}/Target Support Files/Pods-SDKExample/Pods-SDKExample-frameworks.sh\"\n";
			showEnvVarsInLog = 0;
		};
/* End PBXShellScriptBuildPhase section */

/* Begin PBXSourcesBuildPhase section */
		F5B6B573280E936C006B1462 /* Sources */ = {
			isa = PBXSourcesBuildPhase;
			buildActionMask = 2147483647;
			files = (
				F50695AD2A654FA4007F4256 /* Product.m in Sources */,
				F50695A92A653DA9007F4256 /* ProductItemCell.m in Sources */,
				F5B6B582280E936C006B1462 /* ViewController.m in Sources */,
				F50695A32A653D10007F4256 /* ListItemsViewController.m in Sources */,
				F5B6B57C280E936C006B1462 /* AppDelegate.m in Sources */,
				F5B6B58D280E936F006B1462 /* main.m in Sources */,
				F5B6B57F280E936C006B1462 /* SceneDelegate.m in Sources */,
			);
			runOnlyForDeploymentPostprocessing = 0;
		};
/* End PBXSourcesBuildPhase section */

/* Begin PBXVariantGroup section */
		F5B6B583280E936C006B1462 /* Main.storyboard */ = {
			isa = PBXVariantGroup;
			children = (
				F5B6B584280E936C006B1462 /* Base */,
			);
			name = Main.storyboard;
			sourceTree = "<group>";
		};
		F5B6B588280E936F006B1462 /* LaunchScreen.storyboard */ = {
			isa = PBXVariantGroup;
			children = (
				F5B6B589280E936F006B1462 /* Base */,
			);
			name = LaunchScreen.storyboard;
			sourceTree = "<group>";
		};
/* End PBXVariantGroup section */

/* Begin XCBuildConfiguration section */
		F5B6B58E280E936F006B1462 /* Debug */ = {
			isa = XCBuildConfiguration;
			buildSettings = {
				ALWAYS_SEARCH_USER_PATHS = NO;
				CLANG_ANALYZER_NONNULL = YES;
				CLANG_ANALYZER_NUMBER_OBJECT_CONVERSION = YES_AGGRESSIVE;
				CLANG_CXX_LANGUAGE_STANDARD = "gnu++17";
				CLANG_ENABLE_MODULES = YES;
				CLANG_ENABLE_OBJC_ARC = YES;
				CLANG_ENABLE_OBJC_WEAK = YES;
				CLANG_WARN_BLOCK_CAPTURE_AUTORELEASING = YES;
				CLANG_WARN_BOOL_CONVERSION = YES;
				CLANG_WARN_COMMA = YES;
				CLANG_WARN_CONSTANT_CONVERSION = YES;
				CLANG_WARN_DEPRECATED_OBJC_IMPLEMENTATIONS = YES;
				CLANG_WARN_DIRECT_OBJC_ISA_USAGE = YES_ERROR;
				CLANG_WARN_DOCUMENTATION_COMMENTS = YES;
				CLANG_WARN_EMPTY_BODY = YES;
				CLANG_WARN_ENUM_CONVERSION = YES;
				CLANG_WARN_INFINITE_RECURSION = YES;
				CLANG_WARN_INT_CONVERSION = YES;
				CLANG_WARN_NON_LITERAL_NULL_CONVERSION = YES;
				CLANG_WARN_OBJC_IMPLICIT_RETAIN_SELF = YES;
				CLANG_WARN_OBJC_LITERAL_CONVERSION = YES;
				CLANG_WARN_OBJC_ROOT_CLASS = YES_ERROR;
				CLANG_WARN_QUOTED_INCLUDE_IN_FRAMEWORK_HEADER = YES;
				CLANG_WARN_RANGE_LOOP_ANALYSIS = YES;
				CLANG_WARN_STRICT_PROTOTYPES = YES;
				CLANG_WARN_SUSPICIOUS_MOVE = YES;
				CLANG_WARN_UNGUARDED_AVAILABILITY = YES_AGGRESSIVE;
				CLANG_WARN_UNREACHABLE_CODE = YES;
				CLANG_WARN__DUPLICATE_METHOD_MATCH = YES;
				COPY_PHASE_STRIP = NO;
				DEBUG_INFORMATION_FORMAT = dwarf;
				ENABLE_STRICT_OBJC_MSGSEND = YES;
				ENABLE_TESTABILITY = YES;
				GCC_C_LANGUAGE_STANDARD = gnu11;
				GCC_DYNAMIC_NO_PIC = NO;
				GCC_NO_COMMON_BLOCKS = YES;
				GCC_OPTIMIZATION_LEVEL = 0;
				GCC_PREPROCESSOR_DEFINITIONS = (
					"DEBUG=1",
					"$(inherited)",
				);
				GCC_WARN_64_TO_32_BIT_CONVERSION = YES;
				GCC_WARN_ABOUT_RETURN_TYPE = YES_ERROR;
				GCC_WARN_UNDECLARED_SELECTOR = YES;
				GCC_WARN_UNINITIALIZED_AUTOS = YES_AGGRESSIVE;
				GCC_WARN_UNUSED_FUNCTION = YES;
				GCC_WARN_UNUSED_VARIABLE = YES;
				IPHONEOS_DEPLOYMENT_TARGET = 15.4;
				MTL_ENABLE_DEBUG_INFO = INCLUDE_SOURCE;
				MTL_FAST_MATH = YES;
				ONLY_ACTIVE_ARCH = YES;
				SDKROOT = iphoneos;
			};
			name = Debug;
		};
		F5B6B58F280E936F006B1462 /* Release */ = {
			isa = XCBuildConfiguration;
			buildSettings = {
				ALWAYS_SEARCH_USER_PATHS = NO;
				CLANG_ANALYZER_NONNULL = YES;
				CLANG_ANALYZER_NUMBER_OBJECT_CONVERSION = YES_AGGRESSIVE;
				CLANG_CXX_LANGUAGE_STANDARD = "gnu++17";
				CLANG_ENABLE_MODULES = YES;
				CLANG_ENABLE_OBJC_ARC = YES;
				CLANG_ENABLE_OBJC_WEAK = YES;
				CLANG_WARN_BLOCK_CAPTURE_AUTORELEASING = YES;
				CLANG_WARN_BOOL_CONVERSION = YES;
				CLANG_WARN_COMMA = YES;
				CLANG_WARN_CONSTANT_CONVERSION = YES;
				CLANG_WARN_DEPRECATED_OBJC_IMPLEMENTATIONS = YES;
				CLANG_WARN_DIRECT_OBJC_ISA_USAGE = YES_ERROR;
				CLANG_WARN_DOCUMENTATION_COMMENTS = YES;
				CLANG_WARN_EMPTY_BODY = YES;
				CLANG_WARN_ENUM_CONVERSION = YES;
				CLANG_WARN_INFINITE_RECURSION = YES;
				CLANG_WARN_INT_CONVERSION = YES;
				CLANG_WARN_NON_LITERAL_NULL_CONVERSION = YES;
				CLANG_WARN_OBJC_IMPLICIT_RETAIN_SELF = YES;
				CLANG_WARN_OBJC_LITERAL_CONVERSION = YES;
				CLANG_WARN_OBJC_ROOT_CLASS = YES_ERROR;
				CLANG_WARN_QUOTED_INCLUDE_IN_FRAMEWORK_HEADER = YES;
				CLANG_WARN_RANGE_LOOP_ANALYSIS = YES;
				CLANG_WARN_STRICT_PROTOTYPES = YES;
				CLANG_WARN_SUSPICIOUS_MOVE = YES;
				CLANG_WARN_UNGUARDED_AVAILABILITY = YES_AGGRESSIVE;
				CLANG_WARN_UNREACHABLE_CODE = YES;
				CLANG_WARN__DUPLICATE_METHOD_MATCH = YES;
				COPY_PHASE_STRIP = NO;
				DEBUG_INFORMATION_FORMAT = "dwarf-with-dsym";
				ENABLE_NS_ASSERTIONS = NO;
				ENABLE_STRICT_OBJC_MSGSEND = YES;
				GCC_C_LANGUAGE_STANDARD = gnu11;
				GCC_NO_COMMON_BLOCKS = YES;
				GCC_WARN_64_TO_32_BIT_CONVERSION = YES;
				GCC_WARN_ABOUT_RETURN_TYPE = YES_ERROR;
				GCC_WARN_UNDECLARED_SELECTOR = YES;
				GCC_WARN_UNINITIALIZED_AUTOS = YES_AGGRESSIVE;
				GCC_WARN_UNUSED_FUNCTION = YES;
				GCC_WARN_UNUSED_VARIABLE = YES;
				IPHONEOS_DEPLOYMENT_TARGET = 15.4;
				MTL_ENABLE_DEBUG_INFO = NO;
				MTL_FAST_MATH = YES;
				SDKROOT = iphoneos;
				VALIDATE_PRODUCT = YES;
			};
			name = Release;
		};
		F5B6B591280E936F006B1462 /* Debug */ = {
			isa = XCBuildConfiguration;
			baseConfigurationReference = B953F7CB65588527075C3A96 /* Pods-SDKExample.debug.xcconfig */;
			buildSettings = {
				ASSETCATALOG_COMPILER_APPICON_NAME = AppIcon;
				ASSETCATALOG_COMPILER_GLOBAL_ACCENT_COLOR_NAME = AccentColor;
				CODE_SIGN_ENTITLEMENTS = SDKExample/SDKExample.entitlements;
				CODE_SIGN_IDENTITY = "Apple Development";
				CODE_SIGN_STYLE = Automatic;
				CURRENT_PROJECT_VERSION = 1;
				DEVELOPMENT_TEAM = 8CJTVD465A;
				GENERATE_INFOPLIST_FILE = YES;
				INFOPLIST_FILE = SDKExample/Info.plist;
				INFOPLIST_KEY_NSCameraUsageDescription = "Chúng tôi sử dụng camera để update avatar ingame và tính năng báo lỗi.";
				INFOPLIST_KEY_NSUserTrackingUsageDescription = "$(PRODUCT_NAME) cần xin quyền AppTrackingTransparency để giúp bạn trải nghiệm trò chơi tốt hơn và chia sẻ nội dung cập nhật mới nhất thông qua quảng cáo cá nhân";
				INFOPLIST_KEY_UIApplicationSupportsIndirectInputEvents = YES;
				INFOPLIST_KEY_UILaunchStoryboardName = LaunchScreen;
				INFOPLIST_KEY_UIMainStoryboardFile = Main;
				INFOPLIST_KEY_UIRequiredDeviceCapabilities = armv7;
				INFOPLIST_KEY_UIRequiresFullScreen = YES;
				INFOPLIST_KEY_UIStatusBarHidden = YES;
				INFOPLIST_KEY_UISupportedInterfaceOrientations = "UIInterfaceOrientationLandscapeLeft UIInterfaceOrientationPortrait UIInterfaceOrientationLandscapeRight UIInterfaceOrientationPortraitUpsideDown";
				INFOPLIST_KEY_UISupportedInterfaceOrientations_iPad = "UIInterfaceOrientationPortrait UIInterfaceOrientationPortraitUpsideDown UIInterfaceOrientationLandscapeLeft UIInterfaceOrientationLandscapeRight";
				INFOPLIST_KEY_UISupportedInterfaceOrientations_iPhone = "UIInterfaceOrientationPortrait UIInterfaceOrientationLandscapeLeft UIInterfaceOrientationLandscapeRight";
				IPHONEOS_DEPLOYMENT_TARGET = 13.0;
				LD_RUNPATH_SEARCH_PATHS = (
					"$(inherited)",
					"@executable_path/Frameworks",
				);
				MARKETING_VERSION = 1.0;
				PRODUCT_BUNDLE_IDENTIFIER = com.userjoy.sgc.vinn;
				PRODUCT_NAME = "$(TARGET_NAME)";
				PROVISIONING_PROFILE_SPECIFIER = "";
				SWIFT_EMIT_LOC_STRINGS = YES;
				TARGETED_DEVICE_FAMILY = "1,2";
			};
			name = Debug;
		};
		F5B6B592280E936F006B1462 /* Release */ = {
			isa = XCBuildConfiguration;
			baseConfigurationReference = 7CD0BF4B515D06442596953B /* Pods-SDKExample.release.xcconfig */;
			buildSettings = {
				ASSETCATALOG_COMPILER_APPICON_NAME = AppIcon;
				ASSETCATALOG_COMPILER_GLOBAL_ACCENT_COLOR_NAME = AccentColor;
				CODE_SIGN_ENTITLEMENTS = SDKExample/SDKExample.entitlements;
				CODE_SIGN_IDENTITY = "Apple Development";
				CODE_SIGN_STYLE = Automatic;
				CURRENT_PROJECT_VERSION = 1;
				DEVELOPMENT_TEAM = 8CJTVD465A;
				GENERATE_INFOPLIST_FILE = YES;
				INFOPLIST_FILE = SDKExample/Info.plist;
				INFOPLIST_KEY_NSCameraUsageDescription = "Chúng tôi sử dụng camera để update avatar ingame và tính năng báo lỗi.";
				INFOPLIST_KEY_NSUserTrackingUsageDescription = "$(PRODUCT_NAME) cần xin quyền AppTrackingTransparency để giúp bạn trải nghiệm trò chơi tốt hơn và chia sẻ nội dung cập nhật mới nhất thông qua quảng cáo cá nhân";
				INFOPLIST_KEY_UIApplicationSupportsIndirectInputEvents = YES;
				INFOPLIST_KEY_UILaunchStoryboardName = LaunchScreen;
				INFOPLIST_KEY_UIMainStoryboardFile = Main;
				INFOPLIST_KEY_UIRequiredDeviceCapabilities = armv7;
				INFOPLIST_KEY_UIRequiresFullScreen = YES;
				INFOPLIST_KEY_UIStatusBarHidden = YES;
				INFOPLIST_KEY_UISupportedInterfaceOrientations = "UIInterfaceOrientationLandscapeLeft UIInterfaceOrientationPortrait UIInterfaceOrientationLandscapeRight UIInterfaceOrientationPortraitUpsideDown";
				INFOPLIST_KEY_UISupportedInterfaceOrientations_iPad = "UIInterfaceOrientationPortrait UIInterfaceOrientationPortraitUpsideDown UIInterfaceOrientationLandscapeLeft UIInterfaceOrientationLandscapeRight";
				INFOPLIST_KEY_UISupportedInterfaceOrientations_iPhone = "UIInterfaceOrientationPortrait UIInterfaceOrientationLandscapeLeft UIInterfaceOrientationLandscapeRight";
				IPHONEOS_DEPLOYMENT_TARGET = 13.0;
				LD_RUNPATH_SEARCH_PATHS = (
					"$(inherited)",
					"@executable_path/Frameworks",
				);
				MARKETING_VERSION = 1.0;
				PRODUCT_BUNDLE_IDENTIFIER = com.userjoy.sgc.vinn;
				PRODUCT_NAME = "$(TARGET_NAME)";
				PROVISIONING_PROFILE_SPECIFIER = "";
				SWIFT_EMIT_LOC_STRINGS = YES;
				TARGETED_DEVICE_FAMILY = "1,2";
			};
			name = Release;
		};
/* End XCBuildConfiguration section */

/* Begin XCConfigurationList section */
		F5B6B572280E936C006B1462 /* Build configuration list for PBXProject "SDKExample" */ = {
			isa = XCConfigurationList;
			buildConfigurations = (
				F5B6B58E280E936F006B1462 /* Debug */,
				F5B6B58F280E936F006B1462 /* Release */,
			);
			defaultConfigurationIsVisible = 0;
			defaultConfigurationName = Release;
		};
		F5B6B590280E936F006B1462 /* Build configuration list for PBXNativeTarget "SDKExample" */ = {
			isa = XCConfigurationList;
			buildConfigurations = (
				F5B6B591280E936F006B1462 /* Debug */,
				F5B6B592280E936F006B1462 /* Release */,
			);
			defaultConfigurationIsVisible = 0;
			defaultConfigurationName = Release;
		};
/* End XCConfigurationList section */
	};
	rootObject = F5B6B56F280E936C006B1462 /* Project object */;
}
